
Microsoft Visual Studio Solution File, Format Version 12.00
# Visual Studio Version 16
VisualStudioVersion = 16.0.30907.101
MinimumVisualStudioVersion = 10.0.40219.1
Project("{9A19103F-16F7-4668-BE54-9A1E7A4F7556}") = "OnlineShop", "OnlineShop\OnlineShop.csproj", "{26FA071E-1E18-4A68-927B-182C6ABF2EC2}"
EndProject
Project("{FAE04EC0-301F-11D3-BF4B-00C04F79EFBC}") = "OnlineShopUnitTest", "OnlineShopUnitTest\OnlineShopUnitTest.csproj", "{97354CB7-6E97-426F-9041-44E296CAE44C}"
EndProject
Global
	GlobalSection(SolutionConfigurationPlatforms) = preSolution
		Debug|Any CPU = Debug|Any CPU
		Release|Any CPU = Release|Any CPU
	EndGlobalSection
	GlobalSection(ProjectConfigurationPlatforms) = postSolution
		{26FA071E-1E18-4A68-927B-182C6ABF2EC2}.Debug|Any CPU.ActiveCfg = Debug|Any CPU
		{26FA071E-1E18-4A68-927B-182C6ABF2EC2}.Debug|Any CPU.Build.0 = Debug|Any CPU
		{26FA071E-1E18-4A68-927B-182C6ABF2EC2}.Release|Any CPU.ActiveCfg = Release|Any CPU
		{26FA071E-1E18-4A68-927B-182C6ABF2EC2}.Release|Any CPU.Build.0 = Release|Any CPU
		{97354CB7-6E97-426F-9041-44E296CAE44C}.Debug|Any CPU.ActiveCfg = Debug|Any CPU
		{97354CB7-6E97-426F-9041-44E296CAE44C}.Debug|Any CPU.Build.0 = Debug|Any CPU
		{97354CB7-6E97-426F-9041-44E296CAE44C}.Release|Any CPU.ActiveCfg = Release|Any CPU
		{97354CB7-6E97-426F-9041-44E296CAE44C}.Release|Any CPU.Build.0 = Release|Any CPU
	EndGlobalSection
	GlobalSection(SolutionProperties) = preSolution
		HideSolutionNode = FALSE
	EndGlobalSection
	GlobalSection(ExtensibilityGlobals) = postSolution
		SolutionGuid = {61701BE3-C6C4-4C86-B064-D401C1C850D8}
	EndGlobalSection
EndGlobal
